// !$*UTF8*$!
{
	archiveVersion = 1;
	classes = {
	};
	objectVersion = 46;
	objects = {

/* Begin PBXBuildFile section */
		B9EEA6401D6369A500712FBE /* main.m in Sources */ = {isa = PBXBuildFile; fileRef = B9EEA63F1D6369A500712FBE /* main.m */; };
		B9EEA6431D6369A500712FBE /* AppDelegate.m in Sources */ = {isa = PBXBuildFile; fileRef = B9EEA6421D6369A500712FBE /* AppDelegate.m */; };
		B9EEA64B1D6369A500712FBE /* Assets.xcassets in Resources */ = {isa = PBXBuildFile; fileRef = B9EEA64A1D6369A500712FBE /* Assets.xcassets */; };
		B9EEA64E1D6369A500712FBE /* LaunchScreen.storyboard in Resources */ = {isa = PBXBuildFile; fileRef = B9EEA64C1D6369A500712FBE /* LaunchScreen.storyboard */; };
		B9EEA6591D6369A500712FBE /* JWHeaderScaleImageTests.m in Sources */ = {isa = PBXBuildFile; fileRef = B9EEA6581D6369A500712FBE /* JWHeaderScaleImageTests.m */; };
		B9EEA6641D6369A500712FBE /* JWHeaderScaleImageUITests.m in Sources */ = {isa = PBXBuildFile; fileRef = B9EEA6631D6369A500712FBE /* JWHeaderScaleImageUITests.m */; };
		B9EEA6731D636B9200712FBE /* JWHeaderScaleImageTableViewController.m in Sources */ = {isa = PBXBuildFile; fileRef = B9EEA6721D636B9200712FBE /* JWHeaderScaleImageTableViewController.m */; };
		B9EEA67E1D637A9500712FBE /* UIScrollView+HeaderScaleImage.m in Sources */ = {isa = PBXBuildFile; fileRef = B9EEA67D1D637A9500712FBE /* UIScrollView+HeaderScaleImage.m */; };
		B9EEA6811D64EA2200712FBE /* UINavigationBar+JWExtention.m in Sources */ = {isa = PBXBuildFile; fileRef = B9EEA6801D64EA2200712FBE /* UINavigationBar+JWExtention.m */; };
		B9EEA6871D65632100712FBE /* JWTestViewController.m in Sources */ = {isa = PBXBuildFile; fileRef = B9EEA6861D65632100712FBE /* JWTestViewController.m */; };
/* End PBXBuildFile section */

/* Begin PBXContainerItemProxy section */
		B9EEA6551D6369A500712FBE /* PBXContainerItemProxy */ = {
			isa = PBXContainerItemProxy;
			containerPortal = B9EEA6331D6369A500712FBE /* Project object */;
			proxyType = 1;
			remoteGlobalIDString = B9EEA63A1D6369A500712FBE;
			remoteInfo = JWHeaderScaleImage;
		};
		B9EEA6601D6369A500712FBE /* PBXContainerItemProxy */ = {
			isa = PBXContainerItemProxy;
			containerPortal = B9EEA6331D6369A500712FBE /* Project object */;
			proxyType = 1;
			remoteGlobalIDString = B9EEA63A1D6369A500712FBE;
			remoteInfo = JWHeaderScaleImage;
		};
/* End PBXContainerItemProxy section */

/* Begin PBXFileReference section */
		B9EEA63B1D6369A500712FBE /* JWHeaderScaleImage.app */ = {isa = PBXFileReference; explicitFileType = wrapper.application; includeInIndex = 0; path = JWHeaderScaleImage.app; sourceTree = BUILT_PRODUCTS_DIR; };
		B9EEA63F1D6369A500712FBE /* main.m */ = {isa = PBXFileReference; lastKnownFileType = sourcecode.c.objc; path = main.m; sourceTree = "<group>"; };
		B9EEA6411D6369A500712FBE /* AppDelegate.h */ = {isa = PBXFileReference; lastKnownFileType = sourcecode.c.h; path = AppDelegate.h; sourceTree = "<group>"; };
		B9EEA6421D6369A500712FBE /* AppDelegate.m */ = {isa = PBXFileReference; lastKnownFileType = sourcecode.c.objc; path = AppDelegate.m; sourceTree = "<group>"; };
		B9EEA64A1D6369A500712FBE /* Assets.xcassets */ = {isa = PBXFileReference; lastKnownFileType = folder.assetcatalog; path = Assets.xcassets; sourceTree = "<group>"; };
		B9EEA64D1D6369A500712FBE /* Base */ = {isa = PBXFileReference; lastKnownFileType = file.storyboard; name = Base; path = Base.lproj/LaunchScreen.storyboard; sourceTree = "<group>"; };
		B9EEA64F1D6369A500712FBE /* Info.plist */ = {isa = PBXFileReference; lastKnownFileType = text.plist.xml; path = Info.plist; sourceTree = "<group>"; };
		B9EEA6541D6369A500712FBE /* JWHeaderScaleImageTests.xctest */ = {isa = PBXFileReference; explicitFileType = wrapper.cfbundle; includeInIndex = 0; path = JWHeaderScaleImageTests.xctest; sourceTree = BUILT_PRODUCTS_DIR; };
		B9EEA6581D6369A500712FBE /* JWHeaderScaleImageTests.m */ = {isa = PBXFileReference; lastKnownFileType = sourcecode.c.objc; path = JWHeaderScaleImageTests.m; sourceTree = "<group>"; };
		B9EEA65A1D6369A500712FBE /* Info.plist */ = {isa = PBXFileReference; lastKnownFileType = text.plist.xml; path = Info.plist; sourceTree = "<group>"; };
		B9EEA65F1D6369A500712FBE /* JWHeaderScaleImageUITests.xctest */ = {isa = PBXFileReference; explicitFileType = wrapper.cfbundle; includeInIndex = 0; path = JWHeaderScaleImageUITests.xctest; sourceTree = BUILT_PRODUCTS_DIR; };
		B9EEA6631D6369A500712FBE /* JWHeaderScaleImageUITests.m */ = {isa = PBXFileReference; lastKnownFileType = sourcecode.c.objc; path = JWHeaderScaleImageUITests.m; sourceTree = "<group>"; };
		B9EEA6651D6369A500712FBE /* Info.plist */ = {isa = PBXFileReference; lastKnownFileType = text.plist.xml; path = Info.plist; sourceTree = "<group>"; };
		B9EEA6711D636B9200712FBE /* JWHeaderScaleImageTableViewController.h */ = {isa = PBXFileReference; fileEncoding = 4; lastKnownFileType = sourcecode.c.h; path = JWHeaderScaleImageTableViewController.h; sourceTree = "<group>"; };
		B9EEA6721D636B9200712FBE /* JWHeaderScaleImageTableViewController.m */ = {isa = PBXFileReference; fileEncoding = 4; lastKnownFileType = sourcecode.c.objc; path = JWHeaderScaleImageTableViewController.m; sourceTree = "<group>"; };
		B9EEA67C1D637A9500712FBE /* UIScrollView+HeaderScaleImage.h */ = {isa = PBXFileReference; fileEncoding = 4; lastKnownFileType = sourcecode.c.h; path = "UIScrollView+HeaderScaleImage.h"; sourceTree = "<group>"; };
		B9EEA67D1D637A9500712FBE /* UIScrollView+HeaderScaleImage.m */ = {isa = PBXFileReference; fileEncoding = 4; lastKnownFileType = sourcecode.c.objc; path = "UIScrollView+HeaderScaleImage.m"; sourceTree = "<group>"; };
		B9EEA67F1D64EA2200712FBE /* UINavigationBar+JWExtention.h */ = {isa = PBXFileReference; fileEncoding = 4; lastKnownFileType = sourcecode.c.h; path = "UINavigationBar+JWExtention.h"; sourceTree = "<group>"; };
		B9EEA6801D64EA2200712FBE /* UINavigationBar+JWExtention.m */ = {isa = PBXFileReference; fileEncoding = 4; lastKnownFileType = sourcecode.c.objc; path = "UINavigationBar+JWExtention.m"; sourceTree = "<group>"; };
		B9EEA6851D65632100712FBE /* JWTestViewController.h */ = {isa = PBXFileReference; fileEncoding = 4; lastKnownFileType = sourcecode.c.h; name = JWTestViewController.h; path = JWHeaderScaleImage/JWTestViewController.h; sourceTree = "<group>"; };
		B9EEA6861D65632100712FBE /* JWTestViewController.m */ = {isa = PBXFileReference; fileEncoding = 4; lastKnownFileType = sourcecode.c.objc; name = JWTestViewController.m; path = JWHeaderScaleImage/JWTestViewController.m; sourceTree = "<group>"; };
/* End PBXFileReference section */

/* Begin PBXFrameworksBuildPhase section */
		B9EEA6381D6369A500712FBE /* Frameworks */ = {
			isa = PBXFrameworksBuildPhase;
			buildActionMask = 2147483647;
			files = (
			);
			runOnlyForDeploymentPostprocessing = 0;
		};
		B9EEA6511D6369A500712FBE /* Frameworks */ = {
			isa = PBXFrameworksBuildPhase;
			buildActionMask = 2147483647;
			files = (
			);
			runOnlyForDeploymentPostprocessing = 0;
		};
		B9EEA65C1D6369A500712FBE /* Frameworks */ = {
			isa = PBXFrameworksBuildPhase;
			buildActionMask = 2147483647;
			files = (
			);
			runOnlyForDeploymentPostprocessing = 0;
		};
/* End PBXFrameworksBuildPhase section */

/* Begin PBXGroup section */
		B9EEA6321D6369A500712FBE = {
			isa = PBXGroup;
			children = (
				B9EEA63D1D6369A500712FBE /* JWHeaderScaleImage */,
				B9EEA6571D6369A500712FBE /* JWHeaderScaleImageTests */,
				B9EEA6621D6369A500712FBE /* JWHeaderScaleImageUITests */,
				B9EEA63C1D6369A500712FBE /* Products */,
			);
			sourceTree = "<group>";
		};
		B9EEA63C1D6369A500712FBE /* Products */ = {
			isa = PBXGroup;
			children = (
				B9EEA63B1D6369A500712FBE /* JWHeaderScaleImage.app */,
				B9EEA6541D6369A500712FBE /* JWHeaderScaleImageTests.xctest */,
				B9EEA65F1D6369A500712FBE /* JWHeaderScaleImageUITests.xctest */,
			);
			name = Products;
			sourceTree = "<group>";
		};
		B9EEA63D1D6369A500712FBE /* JWHeaderScaleImage */ = {
			isa = PBXGroup;
			children = (
				B9EEA6751D63729700712FBE /* JWHeaderScaleImage */,
				B9EEA6411D6369A500712FBE /* AppDelegate.h */,
				B9EEA6421D6369A500712FBE /* AppDelegate.m */,
				B9EEA6711D636B9200712FBE /* JWHeaderScaleImageTableViewController.h */,
				B9EEA6721D636B9200712FBE /* JWHeaderScaleImageTableViewController.m */,
				B9EEA6851D65632100712FBE /* JWTestViewController.h */,
				B9EEA6861D65632100712FBE /* JWTestViewController.m */,
				B9EEA64A1D6369A500712FBE /* Assets.xcassets */,
				B9EEA64C1D6369A500712FBE /* LaunchScreen.storyboard */,
				B9EEA64F1D6369A500712FBE /* Info.plist */,
				B9EEA63E1D6369A500712FBE /* Supporting Files */,
			);
			path = JWHeaderScaleImage;
			sourceTree = "<group>";
		};
		B9EEA63E1D6369A500712FBE /* Supporting Files */ = {
			isa = PBXGroup;
			children = (
				B9EEA63F1D6369A500712FBE /* main.m */,
			);
			name = "Supporting Files";
			sourceTree = "<group>";
		};
		B9EEA6571D6369A500712FBE /* JWHeaderScaleImageTests */ = {
			isa = PBXGroup;
			children = (
				B9EEA6581D6369A500712FBE /* JWHeaderScaleImageTests.m */,
				B9EEA65A1D6369A500712FBE /* Info.plist */,
			);
			path = JWHeaderScaleImageTests;
			sourceTree = "<group>";
		};
		B9EEA6621D6369A500712FBE /* JWHeaderScaleImageUITests */ = {
			isa = PBXGroup;
			children = (
				B9EEA6631D6369A500712FBE /* JWHeaderScaleImageUITests.m */,
				B9EEA6651D6369A500712FBE /* Info.plist */,
			);
			path = JWHeaderScaleImageUITests;
			sourceTree = "<group>";
		};
		B9EEA6751D63729700712FBE /* JWHeaderScaleImage */ = {
			isa = PBXGroup;
			children = (
				B9EEA67C1D637A9500712FBE /* UIScrollView+HeaderScaleImage.h */,
				B9EEA67D1D637A9500712FBE /* UIScrollView+HeaderScaleImage.m */,
				B9EEA67F1D64EA2200712FBE /* UINavigationBar+JWExtention.h */,
				B9EEA6801D64EA2200712FBE /* UINavigationBar+JWExtention.m */,
			);
			path = JWHeaderScaleImage;
			sourceTree = "<group>";
		};
/* End PBXGroup section */

/* Begin PBXNativeTarget section */
		B9EEA63A1D6369A500712FBE /* JWHeaderScaleImage */ = {
			isa = PBXNativeTarget;
			buildConfigurationList = B9EEA6681D6369A500712FBE /* Build configuration list for PBXNativeTarget "JWHeaderScaleImage" */;
			buildPhases = (
				B9EEA6371D6369A500712FBE /* Sources */,
				B9EEA6381D6369A500712FBE /* Frameworks */,
				B9EEA6391D6369A500712FBE /* Resources */,
			);
			buildRules = (
			);
			dependencies = (
			);
			name = JWHeaderScaleImage;
			productName = JWHeaderScaleImage;
			productReference = B9EEA63B1D6369A500712FBE /* JWHeaderScaleImage.app */;
			productType = "com.apple.product-type.application";
		};
		B9EEA6531D6369A500712FBE /* JWHeaderScaleImageTests */ = {
			isa = PBXNativeTarget;
			buildConfigurationList = B9EEA66B1D6369A500712FBE /* Build configuration list for PBXNativeTarget "JWHeaderScaleImageTests" */;
			buildPhases = (
				B9EEA6501D6369A500712FBE /* Sources */,
				B9EEA6511D6369A500712FBE /* Frameworks */,
				B9EEA6521D6369A500712FBE /* Resources */,
			);
			buildRules = (
			);
			dependencies = (
				B9EEA6561D6369A500712FBE /* PBXTargetDependency */,
			);
			name = JWHeaderScaleImageTests;
			productName = JWHeaderScaleImageTests;
			productReference = B9EEA6541D6369A500712FBE /* JWHeaderScaleImageTests.xctest */;
			productType = "com.apple.product-type.bundle.unit-test";
		};
		B9EEA65E1D6369A500712FBE /* JWHeaderScaleImageUITests */ = {
			isa = PBXNativeTarget;
			buildConfigurationList = B9EEA66E1D6369A500712FBE /* Build configuration list for PBXNativeTarget "JWHeaderScaleImageUITests" */;
			buildPhases = (
				B9EEA65B1D6369A500712FBE /* Sources */,
				B9EEA65C1D6369A500712FBE /* Frameworks */,
				B9EEA65D1D6369A500712FBE /* Resources */,
			);
			buildRules = (
			);
			dependencies = (
				B9EEA6611D6369A500712FBE /* PBXTargetDependency */,
			);
			name = JWHeaderScaleImageUITests;
			productName = JWHeaderScaleImageUITests;
			productReference = B9EEA65F1D6369A500712FBE /* JWHeaderScaleImageUITests.xctest */;
			productType = "com.apple.product-type.bundle.ui-testing";
		};
/* End PBXNativeTarget section */

/* Begin PBXProject section */
		B9EEA6331D6369A500712FBE /* Project object */ = {
			isa = PBXProject;
			attributes = {
				LastUpgradeCheck = 0710;
				ORGANIZATIONNAME = "黄进文";
				TargetAttributes = {
					B9EEA63A1D6369A500712FBE = {
						CreatedOnToolsVersion = 7.1;
					};
					B9EEA6531D6369A500712FBE = {
						CreatedOnToolsVersion = 7.1;
						TestTargetID = B9EEA63A1D6369A500712FBE;
					};
					B9EEA65E1D6369A500712FBE = {
						CreatedOnToolsVersion = 7.1;
						TestTargetID = B9EEA63A1D6369A500712FBE;
					};
				};
			};
			buildConfigurationList = B9EEA6361D6369A500712FBE /* Build configuration list for PBXProject "JWHeaderScaleImage" */;
			compatibilityVersion = "Xcode 3.2";
			developmentRegion = English;
			hasScannedForEncodings = 0;
			knownRegions = (
				en,
				Base,
			);
			mainGroup = B9EEA6321D6369A500712FBE;
			productRefGroup = B9EEA63C1D6369A500712FBE /* Products */;
			projectDirPath = "";
			projectRoot = "";
			targets = (
				B9EEA63A1D6369A500712FBE /* JWHeaderScaleImage */,
				B9EEA6531D6369A500712FBE /* JWHeaderScaleImageTests */,
				B9EEA65E1D6369A500712FBE /* JWHeaderScaleImageUITests */,
			);
		};
/* End PBXProject section */

/* Begin PBXResourcesBuildPhase section */
		B9EEA6391D6369A500712FBE /* Resources */ = {
			isa = PBXResourcesBuildPhase;
			buildActionMask = 2147483647;
			files = (
				B9EEA64E1D6369A500712FBE /* LaunchScreen.storyboard in Resources */,
				B9EEA64B1D6369A500712FBE /* Assets.xcassets in Resources */,
			);
			runOnlyForDeploymentPostprocessing = 0;
		};
		B9EEA6521D6369A500712FBE /* Resources */ = {
			isa = PBXResourcesBuildPhase;
			buildActionMask = 2147483647;
			files = (
			);
			runOnlyForDeploymentPostprocessing = 0;
		};
		B9EEA65D1D6369A500712FBE /* Resources */ = {
			isa = PBXResourcesBuildPhase;
			buildActionMask = 2147483647;
			files = (
			);
			runOnlyForDeploymentPostprocessing = 0;
		};
/* End PBXResourcesBuildPhase section */

/* Begin PBXSourcesBuildPhase section */
		B9EEA6371D6369A500712FBE /* Sources */ = {
			isa = PBXSourcesBuildPhase;
			buildActionMask = 2147483647;
			files = (
				B9EEA6431D6369A500712FBE /* AppDelegate.m in Sources */,
				B9EEA67E1D637A9500712FBE /* UIScrollView+HeaderScaleImage.m in Sources */,
				B9EEA6731D636B9200712FBE /* JWHeaderScaleImageTableViewController.m in Sources */,
				B9EEA6401D6369A500712FBE /* main.m in Sources */,
				B9EEA6811D64EA2200712FBE /* UINavigationBar+JWExtention.m in Sources */,
				B9EEA6871D65632100712FBE /* JWTestViewController.m in Sources */,
			);
			runOnlyForDeploymentPostprocessing = 0;
		};
		B9EEA6501D6369A500712FBE /* Sources */ = {
			isa = PBXSourcesBuildPhase;
			buildActionMask = 2147483647;
			files = (
				B9EEA6591D6369A500712FBE /* JWHeaderScaleImageTests.m in Sources */,
			);
			runOnlyForDeploymentPostprocessing = 0;
		};
		B9EEA65B1D6369A500712FBE /* Sources */ = {
			isa = PBXSourcesBuildPhase;
			buildActionMask = 2147483647;
			files = (
				B9EEA6641D6369A500712FBE /* JWHeaderScaleImageUITests.m in Sources */,
			);
			runOnlyForDeploymentPostprocessing = 0;
		};
/* End PBXSourcesBuildPhase section */

/* Begin PBXTargetDependency section */
		B9EEA6561D6369A500712FBE /* PBXTargetDependency */ = {
			isa = PBXTargetDependency;
			target = B9EEA63A1D6369A500712FBE /* JWHeaderScaleImage */;
			targetProxy = B9EEA6551D6369A500712FBE /* PBXContainerItemProxy */;
		};
		B9EEA6611D6369A500712FBE /* PBXTargetDependency */ = {
			isa = PBXTargetDependency;
			target = B9EEA63A1D6369A500712FBE /* JWHeaderScaleImage */;
			targetProxy = B9EEA6601D6369A500712FBE /* PBXContainerItemProxy */;
		};
/* End PBXTargetDependency section */

/* Begin PBXVariantGroup section */
		B9EEA64C1D6369A500712FBE /* LaunchScreen.storyboard */ = {
			isa = PBXVariantGroup;
			children = (
				B9EEA64D1D6369A500712FBE /* Base */,
			);
			name = LaunchScreen.storyboard;
			sourceTree = "<group>";
		};
/* End PBXVariantGroup section */

/* Begin XCBuildConfiguration section */
		B9EEA6661D6369A500712FBE /* Debug */ = {
			isa = XCBuildConfiguration;
			buildSettings = {
				ALWAYS_SEARCH_USER_PATHS = NO;
				CLANG_CXX_LANGUAGE_STANDARD = "gnu++0x";
				CLANG_CXX_LIBRARY = "libc++";
				CLANG_ENABLE_MODULES = YES;
				CLANG_ENABLE_OBJC_ARC = YES;
				CLANG_WARN_BOOL_CONVERSION = YES;
				CLANG_WARN_CONSTANT_CONVERSION = YES;
				CLANG_WARN_DIRECT_OBJC_ISA_USAGE = YES_ERROR;
				CLANG_WARN_EMPTY_BODY = YES;
				CLANG_WARN_ENUM_CONVERSION = YES;
				CLANG_WARN_INT_CONVERSION = YES;
				CLANG_WARN_OBJC_ROOT_CLASS = YES_ERROR;
				CLANG_WARN_UNREACHABLE_CODE = YES;
				CLANG_WARN__DUPLICATE_METHOD_MATCH = YES;
				"CODE_SIGN_IDENTITY[sdk=iphoneos*]" = "iPhone Developer";
				COPY_PHASE_STRIP = NO;
				DEBUG_INFORMATION_FORMAT = dwarf;
				ENABLE_STRICT_OBJC_MSGSEND = YES;
				ENABLE_TESTABILITY = YES;
				GCC_C_LANGUAGE_STANDARD = gnu99;
				GCC_DYNAMIC_NO_PIC = NO;
				GCC_NO_COMMON_BLOCKS = YES;
				GCC_OPTIMIZATION_LEVEL = 0;
				GCC_PREPROCESSOR_DEFINITIONS = (
					"DEBUG=1",
					"$(inherited)",
				);
				GCC_WARN_64_TO_32_BIT_CONVERSION = YES;
				GCC_WARN_ABOUT_RETURN_TYPE = YES_ERROR;
				GCC_WARN_UNDECLARED_SELECTOR = YES;
				GCC_WARN_UNINITIALIZED_AUTOS = YES_AGGRESSIVE;
				GCC_WARN_UNUSED_FUNCTION = YES;
				GCC_WARN_UNUSED_VARIABLE = YES;
				IPHONEOS_DEPLOYMENT_TARGET = 9.1;
				MTL_ENABLE_DEBUG_INFO = YES;
				ONLY_ACTIVE_ARCH = YES;
				SDKROOT = iphoneos;
			};
			name = Debug;
		};
		B9EEA6671D6369A500712FBE /* Release */ = {
			isa = XCBuildConfiguration;
			buildSettings = {
				ALWAYS_SEARCH_USER_PATHS = NO;
				CLANG_CXX_LANGUAGE_STANDARD = "gnu++0x";
				CLANG_CXX_LIBRARY = "libc++";
				CLANG_ENABLE_MODULES = YES;
				CLANG_ENABLE_OBJC_ARC = YES;
				CLANG_WARN_BOOL_CONVERSION = YES;
				CLANG_WARN_CONSTANT_CONVERSION = YES;
				CLANG_WARN_DIRECT_OBJC_ISA_USAGE = YES_ERROR;
				CLANG_WARN_EMPTY_BODY = YES;
				CLANG_WARN_ENUM_CONVERSION = YES;
				CLANG_WARN_INT_CONVERSION = YES;
				CLANG_WARN_OBJC_ROOT_CLASS = YES_ERROR;
				CLANG_WARN_UNREACHABLE_CODE = YES;
				CLANG_WARN__DUPLICATE_METHOD_MATCH = YES;
				"CODE_SIGN_IDENTITY[sdk=iphoneos*]" = "iPhone Developer";
				COPY_PHASE_STRIP = NO;
				DEBUG_INFORMATION_FORMAT = "dwarf-with-dsym";
				ENABLE_NS_ASSERTIONS = NO;
				ENABLE_STRICT_OBJC_MSGSEND = YES;
				GCC_C_LANGUAGE_STANDARD = gnu99;
				GCC_NO_COMMON_BLOCKS = YES;
				GCC_WARN_64_TO_32_BIT_CONVERSION = YES;
				GCC_WARN_ABOUT_RETURN_TYPE = YES_ERROR;
				GCC_WARN_UNDECLARED_SELECTOR = YES;
				GCC_WARN_UNINITIALIZED_AUTOS = YES_AGGRESSIVE;
				GCC_WARN_UNUSED_FUNCTION = YES;
				GCC_WARN_UNUSED_VARIABLE = YES;
				IPHONEOS_DEPLOYMENT_TARGET = 9.1;
				MTL_ENABLE_DEBUG_INFO = NO;
				SDKROOT = iphoneos;
				VALIDATE_PRODUCT = YES;
			};
			name = Release;
		};
		B9EEA6691D6369A500712FBE /* Debug */ = {
			isa = XCBuildConfiguration;
			buildSettings = {
				ASSETCATALOG_COMPILER_APPICON_NAME = AppIcon;
				INFOPLIST_FILE = JWHeaderScaleImage/Info.plist;
				IPHONEOS_DEPLOYMENT_TARGET = 8.0;
				LD_RUNPATH_SEARCH_PATHS = "$(inherited) @executable_path/Frameworks";
				PRODUCT_BUNDLE_IDENTIFIER = "https---github.com-evenCoder.JWHeaderScaleImage";
				PRODUCT_NAME = "$(TARGET_NAME)";
			};
			name = Debug;
		};
		B9EEA66A1D6369A500712FBE /* Release */ = {
			isa = XCBuildConfiguration;
			buildSettings = {
				ASSETCATALOG_COMPILER_APPICON_NAME = AppIcon;
				INFOPLIST_FILE = JWHeaderScaleImage/Info.plist;
				IPHONEOS_DEPLOYMENT_TARGET = 8.0;
				LD_RUNPATH_SEARCH_PATHS = "$(inherited) @executable_path/Frameworks";
				PRODUCT_BUNDLE_IDENTIFIER = "https---github.com-evenCoder.JWHeaderScaleImage";
				PRODUCT_NAME = "$(TARGET_NAME)";
			};
			name = Release;
		};
		B9EEA66C1D6369A500712FBE /* Debug */ = {
			isa = XCBuildConfiguration;
			buildSettings = {
				BUNDLE_LOADER = "$(TEST_HOST)";
				INFOPLIST_FILE = JWHeaderScaleImageTests/Info.plist;
				LD_RUNPATH_SEARCH_PATHS = "$(inherited) @executable_path/Frameworks @loader_path/Frameworks";
				PRODUCT_BUNDLE_IDENTIFIER = "https---github.com-evenCoder.JWHeaderScaleImageTests";
				PRODUCT_NAME = "$(TARGET_NAME)";
				TEST_HOST = "$(BUILT_PRODUCTS_DIR)/JWHeaderScaleImage.app/JWHeaderScaleImage";
			};
			name = Debug;
		};
		B9EEA66D1D6369A500712FBE /* Release */ = {
			isa = XCBuildConfiguration;
			buildSettings = {
				BUNDLE_LOADER = "$(TEST_HOST)";
				INFOPLIST_FILE = JWHeaderScaleImageTests/Info.plist;
				LD_RUNPATH_SEARCH_PATHS = "$(inherited) @executable_path/Frameworks @loader_path/Frameworks";
				PRODUCT_BUNDLE_IDENTIFIER = "https---github.com-evenCoder.JWHeaderScaleImageTests";
				PRODUCT_NAME = "$(TARGET_NAME)";
				TEST_HOST = "$(BUILT_PRODUCTS_DIR)/JWHeaderScaleImage.app/JWHeaderScaleImage";
			};
			name = Release;
		};
		B9EEA66F1D6369A500712FBE /* Debug */ = {
			isa = XCBuildConfiguration;
			buildSettings = {
				INFOPLIST_FILE = JWHeaderScaleImageUITests/Info.plist;
				LD_RUNPATH_SEARCH_PATHS = "$(inherited) @executable_path/Frameworks @loader_path/Frameworks";
				PRODUCT_BUNDLE_IDENTIFIER = "https---github.com-evenCoder.JWHeaderScaleImageUITests";
				PRODUCT_NAME = "$(TARGET_NAME)";
				TEST_TARGET_NAME = JWHeaderScaleImage;
				USES_XCTRUNNER = YES;
			};
			name = Debug;
		};
		B9EEA6701D6369A500712FBE /* Release */ = {
			isa = XCBuildConfiguration;
			buildSettings = {
				INFOPLIST_FILE = JWHeaderScaleImageUITests/Info.plist;
				LD_RUNPATH_SEARCH_PATHS = "$(inherited) @executable_path/Frameworks @loader_path/Frameworks";
				PRODUCT_BUNDLE_IDENTIFIER = "https---github.com-evenCoder.JWHeaderScaleImageUITests";
				PRODUCT_NAME = "$(TARGET_NAME)";
				TEST_TARGET_NAME = JWHeaderScaleImage;
				USES_XCTRUNNER = YES;
			};
			name = Release;
		};
/* End XCBuildConfiguration section */

/* Begin XCConfigurationList section */
		B9EEA6361D6369A500712FBE /* Build configuration list for PBXProject "JWHeaderScaleImage" */ = {
			isa = XCConfigurationList;
			buildConfigurations = (
				B9EEA6661D6369A500712FBE /* Debug */,
				B9EEA6671D6369A500712FBE /* Release */,
			);
			defaultConfigurationIsVisible = 0;
			defaultConfigurationName = Release;
		};
		B9EEA6681D6369A500712FBE /* Build configuration list for PBXNativeTarget "JWHeaderScaleImage" */ = {
			isa = XCConfigurationList;
			buildConfigurations = (
				B9EEA6691D6369A500712FBE /* Debug */,
				B9EEA66A1D6369A500712FBE /* Release */,
			);
			defaultConfigurationIsVisible = 0;
			defaultConfigurationName = Release;
		};
		B9EEA66B1D6369A500712FBE /* Build configuration list for PBXNativeTarget "JWHeaderScaleImageTests" */ = {
			isa = XCConfigurationList;
			buildConfigurations = (
				B9EEA66C1D6369A500712FBE /* Debug */,
				B9EEA66D1D6369A500712FBE /* Release */,
			);
			defaultConfigurationIsVisible = 0;
			defaultConfigurationName = Release;
		};
		B9EEA66E1D6369A500712FBE /* Build configuration list for PBXNativeTarget "JWHeaderScaleImageUITests" */ = {
			isa = XCConfigurationList;
			buildConfigurations = (
				B9EEA66F1D6369A500712FBE /* Debug */,
				B9EEA6701D6369A500712FBE /* Release */,
			);
			defaultConfigurationIsVisible = 0;
			defaultConfigurationName = Release;
		};
/* End XCConfigurationList section */
	};
	rootObject = B9EEA6331D6369A500712FBE /* Project object */;
}
